PODS:
  - Flutter (1.0.0)
  - onnxruntime (0.0.1):
    - Flutter
    - onnxruntime-objc (= 1.15.1)
  - onnxruntime-c (1.15.1)
  - onnxruntime-objc (1.15.1):
    - onnxruntime-objc/Core (= 1.15.1)
  - onnxruntime-objc/Core (1.15.1):
    - onnxruntime-c (= 1.15.1)
  - path_provider_foundation (0.0.1):
    - Flutter
    - FlutterMacOS
  - rag_engine_flutter (0.0.1):
    - Flutter

DEPENDENCIES:
  - Flutter (from `Flutter`)
  - onnxruntime (from `.symlinks/plugins/onnxruntime/ios`)
  - path_provider_foundation (from `.symlinks/plugins/path_provider_foundation/darwin`)
  - rag_engine_flutter (from `.symlinks/plugins/rag_engine_flutter/ios`)

SPEC REPOS:
  trunk:
    - onnxruntime-c
    - onnxruntime-objc

EXTERNAL SOURCES:
  Flutter:
    :path: Flutter
  onnxruntime:
    :path: ".symlinks/plugins/onnxruntime/ios"
  path_provider_foundation:
    :path: ".symlinks/plugins/path_provider_foundation/darwin"
  rag_engine_flutter:
    :path: ".symlinks/plugins/rag_engine_flutter/ios"

SPEC CHECKSUMS:
  Flutter: cabc95a1d2626b1b06e7179b784ebcf0c0cde467
  onnxruntime: e9346181d75b8dea8733bdae512a22c298962e00
  onnxruntime-c: ebdcfd8650bcbd10121c125262f99dea681b92a3
  onnxruntime-objc: ae7acec7a3d03eaf072d340afed7a35635c1c2a6
  path_provider_foundation: 0b743cbb62d8e47eab856f09262bb8c1ddcfe6ba
  rag_engine_flutter: 3a3180fcca0d2e1660e4a5030b92fb3ef17feea6

PODFILE CHECKSUM: 3c63482e143d1b91d2d2560aee9fb04ecc74ac7e

COCOAPODS: 1.16.2
