PODS:
  - file_picker (0.0.1):
    - FlutterMacOS
  - FlutterMacOS (1.0.0)
  - onnxruntime (0.0.1):
    - FlutterMacOS
  - path_provider_foundation (0.0.1):
    - Flutter
    - FlutterMacOS
  - rag_engine_flutter (0.0.1):
    - FlutterMacOS

DEPENDENCIES:
  - file_picker (from `Flutter/ephemeral/.symlinks/plugins/file_picker/macos`)
  - FlutterMacOS (from `Flutter/ephemeral`)
  - onnxruntime (from `Flutter/ephemeral/.symlinks/plugins/onnxruntime/macos`)
  - path_provider_foundation (from `Flutter/ephemeral/.symlinks/plugins/path_provider_foundation/darwin`)
  - rag_engine_flutter (from `Flutter/ephemeral/.symlinks/plugins/rag_engine_flutter/macos`)

EXTERNAL SOURCES:
  file_picker:
    :path: Flutter/ephemeral/.symlinks/plugins/file_picker/macos
  FlutterMacOS:
    :path: Flutter/ephemeral
  onnxruntime:
    :path: Flutter/ephemeral/.symlinks/plugins/onnxruntime/macos
  path_provider_foundation:
    :path: Flutter/ephemeral/.symlinks/plugins/path_provider_foundation/darwin
  rag_engine_flutter:
    :path: Flutter/ephemeral/.symlinks/plugins/rag_engine_flutter/macos

SPEC CHECKSUMS:
  file_picker: e716a70a9fe5fd9e09ebc922d7541464289443af
  FlutterMacOS: d0db08ddef1a9af05a5ec4b724367152bb0500b1
  onnxruntime: 922a85d3c9ed1b3c2b515ec903fc4d9b8f51d96b
  path_provider_foundation: 0b743cbb62d8e47eab856f09262bb8c1ddcfe6ba
  rag_engine_flutter: a9b5919020d1c7fb0e097bfcf6f8abb423e89a22

PODFILE CHECKSUM: 54d867c82ac51cbd61b565781b9fada492027009

COCOAPODS: 1.16.2
